
Microsoft Visual Studio Solution File, Format Version 12.00
# Visual Studio Version 16
VisualStudioVersion = 16.0.31424.327
MinimumVisualStudioVersion = 10.0.40219.1
Project("{9A19103F-16F7-4668-BE54-9A1E7A4F7556}") = "DMSFrame", "DMSFrame\DMSFrame.csproj", "{373D2F1A-A5C7-4DBD-A52E-BB3E8854AFE3}"
EndProject
Project("{2150E333-8FDC-42A3-9474-1A3956D46DE8}") = "01.Entity", "01.Entity", "{A2A52069-B886-4849-A551-F62E24ECC965}"
EndProject
Project("{2150E333-8FDC-42A3-9474-1A3956D46DE8}") = "02.Service", "02.Service", "{B8F86D4D-E42C-4420-90E2-628937CE2B7D}"
EndProject
Project("{2150E333-8FDC-42A3-9474-1A3956D46DE8}") = "Samples", "Samples", "{E0FA1E50-A129-4138-9FD7-A31CCB95EDFD}"
EndProject
Project("{9A19103F-16F7-4668-BE54-9A1E7A4F7556}") = "DMSF.Entity", "DMSF.Entity\DMSF.Entity.csproj", "{4738E952-9670-4B39-AD07-C224504708F5}"
EndProject
Project("{9A19103F-16F7-4668-BE54-9A1E7A4F7556}") = "DMSF.Contracts", "DMSF.Contracts\DMSF.Contracts.csproj", "{1AF32A9D-5514-4C61-B839-FBF1B1DB0F64}"
EndProject
Project("{9A19103F-16F7-4668-BE54-9A1E7A4F7556}") = "DMSF.Service", "DMSF.Service\DMSF.Service.csproj", "{4FA9115B-2B90-43B0-8A45-F75CF291340A}"
EndProject
Project("{FAE04EC0-301F-11D3-BF4B-00C04F79EFBC}") = "DMSFrame.API", "DMSFrame.API\DMSFrame.API.csproj", "{3EE6D288-31EC-418E-B0B6-90B71388AD77}"
EndProject
Project("{2150E333-8FDC-42A3-9474-1A3956D46DE8}") = "00.CodeTools", "00.CodeTools", "{35B828A0-5DEF-4D0D-9FFD-A7A5BC1DC315}"
	ProjectSection(SolutionItems) = preProject
		CodeTools\CSTJR.BizLogc.New.cst = CodeTools\CSTJR.BizLogc.New.cst
		CodeTools\CSTJR.BizLogic.cst = CodeTools\CSTJR.BizLogic.cst
		CodeTools\CSTJR.Entity.cst = CodeTools\CSTJR.Entity.cst
		CodeTools\CSTJR.EntityGenerate.cst = CodeTools\CSTJR.EntityGenerate.cst
		CodeTools\CSTJR.ProcEntity.cst = CodeTools\CSTJR.ProcEntity.cst
		CodeTools\CSTJR.View.cst = CodeTools\CSTJR.View.cst
		CodeTools\CSTJRGen.inc = CodeTools\CSTJRGen.inc
		CodeTools\CSTJRMySql.Entity.cst = CodeTools\CSTJRMySql.Entity.cst
		CodeTools\CustomTable.cst = CodeTools\CustomTable.cst
	EndProjectSection
EndProject
Global
	GlobalSection(SolutionConfigurationPlatforms) = preSolution
		Debug|Any CPU = Debug|Any CPU
		Release|Any CPU = Release|Any CPU
	EndGlobalSection
	GlobalSection(ProjectConfigurationPlatforms) = postSolution
		{373D2F1A-A5C7-4DBD-A52E-BB3E8854AFE3}.Debug|Any CPU.ActiveCfg = Debug|Any CPU
		{373D2F1A-A5C7-4DBD-A52E-BB3E8854AFE3}.Debug|Any CPU.Build.0 = Debug|Any CPU
		{373D2F1A-A5C7-4DBD-A52E-BB3E8854AFE3}.Release|Any CPU.ActiveCfg = Release|Any CPU
		{373D2F1A-A5C7-4DBD-A52E-BB3E8854AFE3}.Release|Any CPU.Build.0 = Release|Any CPU
		{4738E952-9670-4B39-AD07-C224504708F5}.Debug|Any CPU.ActiveCfg = Debug|Any CPU
		{4738E952-9670-4B39-AD07-C224504708F5}.Debug|Any CPU.Build.0 = Debug|Any CPU
		{4738E952-9670-4B39-AD07-C224504708F5}.Release|Any CPU.ActiveCfg = Release|Any CPU
		{4738E952-9670-4B39-AD07-C224504708F5}.Release|Any CPU.Build.0 = Release|Any CPU
		{1AF32A9D-5514-4C61-B839-FBF1B1DB0F64}.Debug|Any CPU.ActiveCfg = Debug|Any CPU
		{1AF32A9D-5514-4C61-B839-FBF1B1DB0F64}.Debug|Any CPU.Build.0 = Debug|Any CPU
		{1AF32A9D-5514-4C61-B839-FBF1B1DB0F64}.Release|Any CPU.ActiveCfg = Release|Any CPU
		{1AF32A9D-5514-4C61-B839-FBF1B1DB0F64}.Release|Any CPU.Build.0 = Release|Any CPU
		{4FA9115B-2B90-43B0-8A45-F75CF291340A}.Debug|Any CPU.ActiveCfg = Debug|Any CPU
		{4FA9115B-2B90-43B0-8A45-F75CF291340A}.Debug|Any CPU.Build.0 = Debug|Any CPU
		{4FA9115B-2B90-43B0-8A45-F75CF291340A}.Release|Any CPU.ActiveCfg = Release|Any CPU
		{4FA9115B-2B90-43B0-8A45-F75CF291340A}.Release|Any CPU.Build.0 = Release|Any CPU
		{3EE6D288-31EC-418E-B0B6-90B71388AD77}.Debug|Any CPU.ActiveCfg = Debug|Any CPU
		{3EE6D288-31EC-418E-B0B6-90B71388AD77}.Debug|Any CPU.Build.0 = Debug|Any CPU
		{3EE6D288-31EC-418E-B0B6-90B71388AD77}.Release|Any CPU.ActiveCfg = Release|Any CPU
		{3EE6D288-31EC-418E-B0B6-90B71388AD77}.Release|Any CPU.Build.0 = Release|Any CPU
	EndGlobalSection
	GlobalSection(SolutionProperties) = preSolution
		HideSolutionNode = FALSE
	EndGlobalSection
	GlobalSection(NestedProjects) = preSolution
		{4738E952-9670-4B39-AD07-C224504708F5} = {A2A52069-B886-4849-A551-F62E24ECC965}
		{1AF32A9D-5514-4C61-B839-FBF1B1DB0F64} = {B8F86D4D-E42C-4420-90E2-628937CE2B7D}
		{4FA9115B-2B90-43B0-8A45-F75CF291340A} = {B8F86D4D-E42C-4420-90E2-628937CE2B7D}
		{3EE6D288-31EC-418E-B0B6-90B71388AD77} = {E0FA1E50-A129-4138-9FD7-A31CCB95EDFD}
	EndGlobalSection
	GlobalSection(ExtensibilityGlobals) = postSolution
		SolutionGuid = {338C4910-44F4-4B9D-9DB2-1376590136BF}
	EndGlobalSection
EndGlobal
