
Microsoft Visual Studio Solution File, Format Version 12.00
# Visual Studio Version 17
VisualStudioVersion = 17.0.31903.59
MinimumVisualStudioVersion = 10.0.40219.1
Project("{2150E333-8FDC-42A3-9474-1A3956D46DE8}") = "5.Service", "5.Service", "{B8F86D4D-E42C-4420-90E2-628937CE2B7D}"
EndProject
Project("{2150E333-8FDC-42A3-9474-1A3956D46DE8}") = "Samples", "Samples", "{E0FA1E50-A129-4138-9FD7-A31CCB95EDFD}"
EndProject
Project("{2150E333-8FDC-42A3-9474-1A3956D46DE8}") = "1.CodeTools", "1.CodeTools", "{35B828A0-5DEF-4D0D-9FFD-A7A5BC1DC315}"
	ProjectSection(SolutionItems) = preProject
		CodeTools\CSTJR.BizLogc.New.cst = CodeTools\CSTJR.BizLogc.New.cst
		CodeTools\CSTJR.BizLogic.cst = CodeTools\CSTJR.BizLogic.cst
		CodeTools\CSTJR.Entity.cst = CodeTools\CSTJR.Entity.cst
		CodeTools\CSTJR.EntityGenerate.cst = CodeTools\CSTJR.EntityGenerate.cst
		CodeTools\CSTJR.ProcEntity.cst = CodeTools\CSTJR.ProcEntity.cst
		CodeTools\CSTJR.View.cst = CodeTools\CSTJR.View.cst
		CodeTools\CSTJRGen.inc = CodeTools\CSTJRGen.inc
		CodeTools\CSTJRMySql.Entity.cst = CodeTools\CSTJRMySql.Entity.cst
		CodeTools\CustomTable.cst = CodeTools\CustomTable.cst
	EndProjectSection
EndProject
Project("{2150E333-8FDC-42A3-9474-1A3956D46DE8}") = "4.DMSF.Common", "4.DMSF.Common", "{03EE9EAB-E394-492E-94A6-F6119FA8F648}"
EndProject
Project("{FAE04EC0-301F-11D3-BF4B-00C04F79EFBC}") = "DMSF.Admin.WebSite", "DMSF.Admin.WebSite\DMSF.Admin.WebSite.csproj", "{7A6BFD3E-8C31-4D94-99C2-72546A740C72}"
EndProject
Project("{2150E333-8FDC-42A3-9474-1A3956D46DE8}") = "2.DMS.Netfx", "2.DMS.Netfx", "{B3BF7C70-1FCB-4514-B1C3-E1E6FFCEED72}"
EndProject
Project("{9A19103F-16F7-4668-BE54-9A1E7A4F7556}") = "DMS.Commonfx", "DMS.Netfx\DMS.Commonfx\DMS.Commonfx.csproj", "{73A27BF6-C34D-4843-A8FE-02633F552882}"
EndProject
Project("{9A19103F-16F7-4668-BE54-9A1E7A4F7556}") = "DMS.Authfx", "DMS.Netfx\DMS.Authfx\DMS.Authfx.csproj", "{9B98E9F7-8A70-4939-AA52-95428DFE1A10}"
EndProject
Project("{9A19103F-16F7-4668-BE54-9A1E7A4F7556}") = "DMS.Log4netfx", "DMS.Netfx\DMS.Log4netfx\DMS.Log4netfx.csproj", "{D0F494BC-52E5-4304-AB46-2759DC12A889}"
EndProject
Project("{9A19103F-16F7-4668-BE54-9A1E7A4F7556}") = "DMS.Redisnetfx", "DMS.Netfx\DMS.Redisnetfx\DMS.Redisnetfx.csproj", "{18884AA8-DD3B-48B8-A7CC-8B737FF160CA}"
EndProject
Project("{9A19103F-16F7-4668-BE54-9A1E7A4F7556}") = "DMSFrame", "DMS.Netfx\DMSFrame\DMSFrame.csproj", "{33DAF4DC-43DC-45CF-A7FF-507577183DE0}"
EndProject
Project("{9A19103F-16F7-4668-BE54-9A1E7A4F7556}") = "DMSFrame.WebService", "DMS.Netfx\DMSFrame.WebService\DMSFrame.WebService.csproj", "{F33E3CCA-210A-4464-9350-618D4F288054}"
EndProject
Project("{9A19103F-16F7-4668-BE54-9A1E7A4F7556}") = "DMSF.Http", "DMSF.Common\DMSF.Http\DMSF.Http.csproj", "{D84416A0-7737-4D5E-9069-823EC8ED7D3D}"
EndProject
Project("{9A19103F-16F7-4668-BE54-9A1E7A4F7556}") = "DMSF.Entity", "DMSF.Entity\DMSF.Entity.csproj", "{4DAAFD27-FC5C-4583-A6D9-6FA0F0EA9A14}"
EndProject
Project("{9A19103F-16F7-4668-BE54-9A1E7A4F7556}") = "DMSF.Contracts", "DMSF.Contracts\DMSF.Contracts.csproj", "{B1405165-8465-4DF7-B36F-114A06F45E63}"
EndProject
Project("{9A19103F-16F7-4668-BE54-9A1E7A4F7556}") = "DMSF.BizLogic", "DMSF.BizLogic\DMSF.BizLogic.csproj", "{3DAC9C06-3BD0-43FA-B595-4C1B99D26436}"
EndProject
Global
	GlobalSection(SolutionConfigurationPlatforms) = preSolution
		Debug|Any CPU = Debug|Any CPU
		Release|Any CPU = Release|Any CPU
	EndGlobalSection
	GlobalSection(ProjectConfigurationPlatforms) = postSolution
		{7A6BFD3E-8C31-4D94-99C2-72546A740C72}.Debug|Any CPU.ActiveCfg = Debug|Any CPU
		{7A6BFD3E-8C31-4D94-99C2-72546A740C72}.Debug|Any CPU.Build.0 = Debug|Any CPU
		{7A6BFD3E-8C31-4D94-99C2-72546A740C72}.Release|Any CPU.ActiveCfg = Release|Any CPU
		{7A6BFD3E-8C31-4D94-99C2-72546A740C72}.Release|Any CPU.Build.0 = Release|Any CPU
		{73A27BF6-C34D-4843-A8FE-02633F552882}.Debug|Any CPU.ActiveCfg = Debug|Any CPU
		{73A27BF6-C34D-4843-A8FE-02633F552882}.Debug|Any CPU.Build.0 = Debug|Any CPU
		{73A27BF6-C34D-4843-A8FE-02633F552882}.Release|Any CPU.ActiveCfg = Release|Any CPU
		{73A27BF6-C34D-4843-A8FE-02633F552882}.Release|Any CPU.Build.0 = Release|Any CPU
		{9B98E9F7-8A70-4939-AA52-95428DFE1A10}.Debug|Any CPU.ActiveCfg = Debug|Any CPU
		{9B98E9F7-8A70-4939-AA52-95428DFE1A10}.Debug|Any CPU.Build.0 = Debug|Any CPU
		{9B98E9F7-8A70-4939-AA52-95428DFE1A10}.Release|Any CPU.ActiveCfg = Release|Any CPU
		{9B98E9F7-8A70-4939-AA52-95428DFE1A10}.Release|Any CPU.Build.0 = Release|Any CPU
		{D0F494BC-52E5-4304-AB46-2759DC12A889}.Debug|Any CPU.ActiveCfg = Debug|Any CPU
		{D0F494BC-52E5-4304-AB46-2759DC12A889}.Debug|Any CPU.Build.0 = Debug|Any CPU
		{D0F494BC-52E5-4304-AB46-2759DC12A889}.Release|Any CPU.ActiveCfg = Release|Any CPU
		{D0F494BC-52E5-4304-AB46-2759DC12A889}.Release|Any CPU.Build.0 = Release|Any CPU
		{18884AA8-DD3B-48B8-A7CC-8B737FF160CA}.Debug|Any CPU.ActiveCfg = Debug|Any CPU
		{18884AA8-DD3B-48B8-A7CC-8B737FF160CA}.Debug|Any CPU.Build.0 = Debug|Any CPU
		{18884AA8-DD3B-48B8-A7CC-8B737FF160CA}.Release|Any CPU.ActiveCfg = Release|Any CPU
		{18884AA8-DD3B-48B8-A7CC-8B737FF160CA}.Release|Any CPU.Build.0 = Release|Any CPU
		{33DAF4DC-43DC-45CF-A7FF-507577183DE0}.Debug|Any CPU.ActiveCfg = Debug|Any CPU
		{33DAF4DC-43DC-45CF-A7FF-507577183DE0}.Debug|Any CPU.Build.0 = Debug|Any CPU
		{33DAF4DC-43DC-45CF-A7FF-507577183DE0}.Release|Any CPU.ActiveCfg = Release|Any CPU
		{33DAF4DC-43DC-45CF-A7FF-507577183DE0}.Release|Any CPU.Build.0 = Release|Any CPU
		{F33E3CCA-210A-4464-9350-618D4F288054}.Debug|Any CPU.ActiveCfg = Debug|Any CPU
		{F33E3CCA-210A-4464-9350-618D4F288054}.Debug|Any CPU.Build.0 = Debug|Any CPU
		{F33E3CCA-210A-4464-9350-618D4F288054}.Release|Any CPU.ActiveCfg = Release|Any CPU
		{F33E3CCA-210A-4464-9350-618D4F288054}.Release|Any CPU.Build.0 = Release|Any CPU
		{D84416A0-7737-4D5E-9069-823EC8ED7D3D}.Debug|Any CPU.ActiveCfg = Debug|Any CPU
		{D84416A0-7737-4D5E-9069-823EC8ED7D3D}.Debug|Any CPU.Build.0 = Debug|Any CPU
		{D84416A0-7737-4D5E-9069-823EC8ED7D3D}.Release|Any CPU.ActiveCfg = Release|Any CPU
		{D84416A0-7737-4D5E-9069-823EC8ED7D3D}.Release|Any CPU.Build.0 = Release|Any CPU
		{4DAAFD27-FC5C-4583-A6D9-6FA0F0EA9A14}.Debug|Any CPU.ActiveCfg = Debug|Any CPU
		{4DAAFD27-FC5C-4583-A6D9-6FA0F0EA9A14}.Debug|Any CPU.Build.0 = Debug|Any CPU
		{4DAAFD27-FC5C-4583-A6D9-6FA0F0EA9A14}.Release|Any CPU.ActiveCfg = Release|Any CPU
		{4DAAFD27-FC5C-4583-A6D9-6FA0F0EA9A14}.Release|Any CPU.Build.0 = Release|Any CPU
		{B1405165-8465-4DF7-B36F-114A06F45E63}.Debug|Any CPU.ActiveCfg = Debug|Any CPU
		{B1405165-8465-4DF7-B36F-114A06F45E63}.Debug|Any CPU.Build.0 = Debug|Any CPU
		{B1405165-8465-4DF7-B36F-114A06F45E63}.Release|Any CPU.ActiveCfg = Release|Any CPU
		{B1405165-8465-4DF7-B36F-114A06F45E63}.Release|Any CPU.Build.0 = Release|Any CPU
		{3DAC9C06-3BD0-43FA-B595-4C1B99D26436}.Debug|Any CPU.ActiveCfg = Debug|Any CPU
		{3DAC9C06-3BD0-43FA-B595-4C1B99D26436}.Debug|Any CPU.Build.0 = Debug|Any CPU
		{3DAC9C06-3BD0-43FA-B595-4C1B99D26436}.Release|Any CPU.ActiveCfg = Release|Any CPU
		{3DAC9C06-3BD0-43FA-B595-4C1B99D26436}.Release|Any CPU.Build.0 = Release|Any CPU
	EndGlobalSection
	GlobalSection(SolutionProperties) = preSolution
		HideSolutionNode = FALSE
	EndGlobalSection
	GlobalSection(NestedProjects) = preSolution
		{7A6BFD3E-8C31-4D94-99C2-72546A740C72} = {E0FA1E50-A129-4138-9FD7-A31CCB95EDFD}
		{73A27BF6-C34D-4843-A8FE-02633F552882} = {B3BF7C70-1FCB-4514-B1C3-E1E6FFCEED72}
		{9B98E9F7-8A70-4939-AA52-95428DFE1A10} = {B3BF7C70-1FCB-4514-B1C3-E1E6FFCEED72}
		{D0F494BC-52E5-4304-AB46-2759DC12A889} = {B3BF7C70-1FCB-4514-B1C3-E1E6FFCEED72}
		{18884AA8-DD3B-48B8-A7CC-8B737FF160CA} = {B3BF7C70-1FCB-4514-B1C3-E1E6FFCEED72}
		{33DAF4DC-43DC-45CF-A7FF-507577183DE0} = {B3BF7C70-1FCB-4514-B1C3-E1E6FFCEED72}
		{F33E3CCA-210A-4464-9350-618D4F288054} = {B3BF7C70-1FCB-4514-B1C3-E1E6FFCEED72}
		{D84416A0-7737-4D5E-9069-823EC8ED7D3D} = {03EE9EAB-E394-492E-94A6-F6119FA8F648}
		{4DAAFD27-FC5C-4583-A6D9-6FA0F0EA9A14} = {B8F86D4D-E42C-4420-90E2-628937CE2B7D}
		{B1405165-8465-4DF7-B36F-114A06F45E63} = {B8F86D4D-E42C-4420-90E2-628937CE2B7D}
		{3DAC9C06-3BD0-43FA-B595-4C1B99D26436} = {B8F86D4D-E42C-4420-90E2-628937CE2B7D}
	EndGlobalSection
	GlobalSection(ExtensibilityGlobals) = postSolution
		SolutionGuid = {338C4910-44F4-4B9D-9DB2-1376590136BF}
	EndGlobalSection
EndGlobal
